// !$*UTF8*$!
{
	archiveVersion = 1;
	classes = {
	};
	objectVersion = 77;
	objects = {

/* Begin PBXContainerItemProxy section */
		443DA6A22E146BB100CFD8E7 /* PBXContainerItemProxy */ = {
			isa = PBXContainerItemProxy;
			containerPortal = 443DA6832E146BAF00CFD8E7 /* Project object */;
			proxyType = 1;
			remoteGlobalIDString = 443DA68A2E146BAF00CFD8E7;
			remoteInfo = HexColorPicker;
		};
		443DA6AC2E146BB100CFD8E7 /* PBXContainerItemProxy */ = {
			isa = PBXContainerItemProxy;
			containerPortal = 443DA6832E146BAF00CFD8E7 /* Project object */;
			proxyType = 1;
			remoteGlobalIDString = 443DA68A2E146BAF00CFD8E7;
			remoteInfo = HexColorPicker;
		};
/* End PBXContainerItemProxy section */

/* Begin PBXFileReference section */
		443DA68B2E146BAF00CFD8E7 /* HexColorPicker.app */ = {isa = PBXFileReference; explicitFileType = wrapper.application; includeInIndex = 0; path = HexColorPicker.app; sourceTree = BUILT_PRODUCTS_DIR; };
		443DA6A12E146BB100CFD8E7 /* HexColorPickerTests.xctest */ = {isa = PBXFileReference; explicitFileType = wrapper.cfbundle; includeInIndex = 0; path = HexColorPickerTests.xctest; sourceTree = BUILT_PRODUCTS_DIR; };
		443DA6AB2E146BB100CFD8E7 /* HexColorPickerUITests.xctest */ = {isa = PBXFileReference; explicitFileType = wrapper.cfbundle; includeInIndex = 0; path = HexColorPickerUITests.xctest; sourceTree = BUILT_PRODUCTS_DIR; };
/* End PBXFileReference section */

/* Begin PBXFileSystemSynchronizedBuildFileExceptionSet section */
		443DA6B32E146BB100CFD8E7 /* Exceptions for "HexColorPicker" folder in "HexColorPicker" target */ = {
			isa = PBXFileSystemSynchronizedBuildFileExceptionSet;
			membershipExceptions = (
				Info.plist,
			);
			target = 443DA68A2E146BAF00CFD8E7 /* HexColorPicker */;
		};
/* End PBXFileSystemSynchronizedBuildFileExceptionSet section */

/* Begin PBXFileSystemSynchronizedRootGroup section */
		443DA68D2E146BAF00CFD8E7 /* HexColorPicker */ = {
			isa = PBXFileSystemSynchronizedRootGroup;
			exceptions = (
				443DA6B32E146BB100CFD8E7 /* Exceptions for "HexColorPicker" folder in "HexColorPicker" target */,
			);
			path = HexColorPicker;
			sourceTree = "<group>";
		};
		443DA6A42E146BB100CFD8E7 /* HexColorPickerTests */ = {
			isa = PBXFileSystemSynchronizedRootGroup;
			path = HexColorPickerTests;
			sourceTree = "<group>";
		};
		443DA6AE2E146BB100CFD8E7 /* HexColorPickerUITests */ = {
			isa = PBXFileSystemSynchronizedRootGroup;
			path = HexColorPickerUITests;
			sourceTree = "<group>";
		};
/* End PBXFileSystemSynchronizedRootGroup section */

/* Begin PBXFrameworksBuildPhase section */
		443DA6882E146BAF00CFD8E7 /* Frameworks */ = {
			isa = PBXFrameworksBuildPhase;
			buildActionMask = 2147483647;
			files = (
			);
			runOnlyForDeploymentPostprocessing = 0;
		};
		443DA69E2E146BB100CFD8E7 /* Frameworks */ = {
			isa = PBXFrameworksBuildPhase;
			buildActionMask = 2147483647;
			files = (
			);
			runOnlyForDeploymentPostprocessing = 0;
		};
		443DA6A82E146BB100CFD8E7 /* Frameworks */ = {
			isa = PBXFrameworksBuildPhase;
			buildActionMask = 2147483647;
			files = (
			);
			runOnlyForDeploymentPostprocessing = 0;
		};
/* End PBXFrameworksBuildPhase section */

/* Begin PBXGroup section */
		443DA6822E146BAF00CFD8E7 = {
			isa = PBXGroup;
			children = (
				443DA68D2E146BAF00CFD8E7 /* HexColorPicker */,
				443DA6A42E146BB100CFD8E7 /* HexColorPickerTests */,
				443DA6AE2E146BB100CFD8E7 /* HexColorPickerUITests */,
				443DA68C2E146BAF00CFD8E7 /* Products */,
			);
			sourceTree = "<group>";
		};
		443DA68C2E146BAF00CFD8E7 /* Products */ = {
			isa = PBXGroup;
			children = (
				443DA68B2E146BAF00CFD8E7 /* HexColorPicker.app */,
				443DA6A12E146BB100CFD8E7 /* HexColorPickerTests.xctest */,
				443DA6AB2E146BB100CFD8E7 /* HexColorPickerUITests.xctest */,
			);
			name = Products;
			sourceTree = "<group>";
		};
/* End PBXGroup section */

/* Begin PBXNativeTarget section */
		443DA68A2E146BAF00CFD8E7 /* HexColorPicker */ = {
			isa = PBXNativeTarget;
			buildConfigurationList = 443DA6B42E146BB100CFD8E7 /* Build configuration list for PBXNativeTarget "HexColorPicker" */;
			buildPhases = (
				443DA6872E146BAF00CFD8E7 /* Sources */,
				443DA6882E146BAF00CFD8E7 /* Frameworks */,
				443DA6892E146BAF00CFD8E7 /* Resources */,
			);
			buildRules = (
			);
			dependencies = (
			);
			fileSystemSynchronizedGroups = (
				443DA68D2E146BAF00CFD8E7 /* HexColorPicker */,
			);
			name = HexColorPicker;
			packageProductDependencies = (
			);
			productName = HexColorPicker;
			productReference = 443DA68B2E146BAF00CFD8E7 /* HexColorPicker.app */;
			productType = "com.apple.product-type.application";
		};
		443DA6A02E146BB100CFD8E7 /* HexColorPickerTests */ = {
			isa = PBXNativeTarget;
			buildConfigurationList = 443DA6B92E146BB100CFD8E7 /* Build configuration list for PBXNativeTarget "HexColorPickerTests" */;
			buildPhases = (
				443DA69D2E146BB100CFD8E7 /* Sources */,
				443DA69E2E146BB100CFD8E7 /* Frameworks */,
				443DA69F2E146BB100CFD8E7 /* Resources */,
			);
			buildRules = (
			);
			dependencies = (
				443DA6A32E146BB100CFD8E7 /* PBXTargetDependency */,
			);
			fileSystemSynchronizedGroups = (
				443DA6A42E146BB100CFD8E7 /* HexColorPickerTests */,
			);
			name = HexColorPickerTests;
			packageProductDependencies = (
			);
			productName = HexColorPickerTests;
			productReference = 443DA6A12E146BB100CFD8E7 /* HexColorPickerTests.xctest */;
			productType = "com.apple.product-type.bundle.unit-test";
		};
		443DA6AA2E146BB100CFD8E7 /* HexColorPickerUITests */ = {
			isa = PBXNativeTarget;
			buildConfigurationList = 443DA6BC2E146BB100CFD8E7 /* Build configuration list for PBXNativeTarget "HexColorPickerUITests" */;
			buildPhases = (
				443DA6A72E146BB100CFD8E7 /* Sources */,
				443DA6A82E146BB100CFD8E7 /* Frameworks */,
				443DA6A92E146BB100CFD8E7 /* Resources */,
			);
			buildRules = (
			);
			dependencies = (
				443DA6AD2E146BB100CFD8E7 /* PBXTargetDependency */,
			);
			fileSystemSynchronizedGroups = (
				443DA6AE2E146BB100CFD8E7 /* HexColorPickerUITests */,
			);
			name = HexColorPickerUITests;
			packageProductDependencies = (
			);
			productName = HexColorPickerUITests;
			productReference = 443DA6AB2E146BB100CFD8E7 /* HexColorPickerUITests.xctest */;
			productType = "com.apple.product-type.bundle.ui-testing";
		};
/* End PBXNativeTarget section */

/* Begin PBXProject section */
		443DA6832E146BAF00CFD8E7 /* Project object */ = {
			isa = PBXProject;
			attributes = {
				BuildIndependentTargetsInParallel = 1;
				LastSwiftUpdateCheck = 1640;
				LastUpgradeCheck = 1640;
				TargetAttributes = {
					443DA68A2E146BAF00CFD8E7 = {
						CreatedOnToolsVersion = 16.4;
					};
					443DA6A02E146BB100CFD8E7 = {
						CreatedOnToolsVersion = 16.4;
						TestTargetID = 443DA68A2E146BAF00CFD8E7;
					};
					443DA6AA2E146BB100CFD8E7 = {
						CreatedOnToolsVersion = 16.4;
						TestTargetID = 443DA68A2E146BAF00CFD8E7;
					};
				};
			};
			buildConfigurationList = 443DA6862E146BAF00CFD8E7 /* Build configuration list for PBXProject "HexColorPicker" */;
			developmentRegion = en;
			hasScannedForEncodings = 0;
			knownRegions = (
				en,
				Base,
			);
			mainGroup = 443DA6822E146BAF00CFD8E7;
			minimizedProjectReferenceProxies = 1;
			preferredProjectObjectVersion = 77;
			productRefGroup = 443DA68C2E146BAF00CFD8E7 /* Products */;
			projectDirPath = "";
			projectRoot = "";
			targets = (
				443DA68A2E146BAF00CFD8E7 /* HexColorPicker */,
				443DA6A02E146BB100CFD8E7 /* HexColorPickerTests */,
				443DA6AA2E146BB100CFD8E7 /* HexColorPickerUITests */,
			);
		};
/* End PBXProject section */

/* Begin PBXResourcesBuildPhase section */
		443DA6892E146BAF00CFD8E7 /* Resources */ = {
			isa = PBXResourcesBuildPhase;
			buildActionMask = 2147483647;
			files = (
			);
			runOnlyForDeploymentPostprocessing = 0;
		};
		443DA69F2E146BB100CFD8E7 /* Resources */ = {
			isa = PBXResourcesBuildPhase;
			buildActionMask = 2147483647;
			files = (
			);
			runOnlyForDeploymentPostprocessing = 0;
		};
		443DA6A92E146BB100CFD8E7 /* Resources */ = {
			isa = PBXResourcesBuildPhase;
			buildActionMask = 2147483647;
			files = (
			);
			runOnlyForDeploymentPostprocessing = 0;
		};
/* End PBXResourcesBuildPhase section */

/* Begin PBXSourcesBuildPhase section */
		443DA6872E146BAF00CFD8E7 /* Sources */ = {
			isa = PBXSourcesBuildPhase;
			buildActionMask = 2147483647;
			files = (
			);
			runOnlyForDeploymentPostprocessing = 0;
		};
		443DA69D2E146BB100CFD8E7 /* Sources */ = {
			isa = PBXSourcesBuildPhase;
			buildActionMask = 2147483647;
			files = (
			);
			runOnlyForDeploymentPostprocessing = 0;
		};
		443DA6A72E146BB100CFD8E7 /* Sources */ = {
			isa = PBXSourcesBuildPhase;
			buildActionMask = 2147483647;
			files = (
			);
			runOnlyForDeploymentPostprocessing = 0;
		};
/* End PBXSourcesBuildPhase section */

/* Begin PBXTargetDependency section */
		443DA6A32E146BB100CFD8E7 /* PBXTargetDependency */ = {
			isa = PBXTargetDependency;
			target = 443DA68A2E146BAF00CFD8E7 /* HexColorPicker */;
			targetProxy = 443DA6A22E146BB100CFD8E7 /* PBXContainerItemProxy */;
		};
		443DA6AD2E146BB100CFD8E7 /* PBXTargetDependency */ = {
			isa = PBXTargetDependency;
			target = 443DA68A2E146BAF00CFD8E7 /* HexColorPicker */;
			targetProxy = 443DA6AC2E146BB100CFD8E7 /* PBXContainerItemProxy */;
		};
/* End PBXTargetDependency section */

/* Begin XCBuildConfiguration section */
		443DA6B52E146BB100CFD8E7 /* Debug */ = {
			isa = XCBuildConfiguration;
			buildSettings = {
				ASSETCATALOG_COMPILER_APPICON_NAME = AppIcon;
				ASSETCATALOG_COMPILER_GLOBAL_ACCENT_COLOR_NAME = AccentColor;
				CODE_SIGN_STYLE = Automatic;
				CURRENT_PROJECT_VERSION = 1;
				DEVELOPMENT_TEAM = 63A2M93CTY;
				GENERATE_INFOPLIST_FILE = YES;
				INFOPLIST_FILE = HexColorPicker/Info.plist;
				INFOPLIST_KEY_UIApplicationSupportsIndirectInputEvents = YES;
				INFOPLIST_KEY_UILaunchStoryboardName = LaunchScreen;
				INFOPLIST_KEY_UIMainStoryboardFile = Main;
				INFOPLIST_KEY_UISupportedInterfaceOrientations_iPad = "UIInterfaceOrientationPortrait UIInterfaceOrientationPortraitUpsideDown UIInterfaceOrientationLandscapeLeft UIInterfaceOrientationLandscapeRight";
				INFOPLIST_KEY_UISupportedInterfaceOrientations_iPhone = "UIInterfaceOrientationPortrait UIInterfaceOrientationLandscapeLeft UIInterfaceOrientationLandscapeRight";
				LD_RUNPATH_SEARCH_PATHS = (
					"$(inherited)",
					"@executable_path/Frameworks",
				);
				MARKETING_VERSION = 1.0;
				PRODUCT_BUNDLE_IDENTIFIER = dev.sashimi0.HexColorPicker;
				PRODUCT_NAME = "$(TARGET_NAME)";
				SWIFT_EMIT_LOC_STRINGS = YES;
				SWIFT_VERSION = 5.0;
				TARGETED_DEVICE_FAMILY = "1,2";
			};
			name = Debug;
		};
		443DA6B62E146BB100CFD8E7 /* Release */ = {
			isa = XCBuildConfiguration;
			buildSettings = {
				ASSETCATALOG_COMPILER_APPICON_NAME = AppIcon;
				ASSETCATALOG_COMPILER_GLOBAL_ACCENT_COLOR_NAME = AccentColor;
				CODE_SIGN_STYLE = Automatic;
				CURRENT_PROJECT_VERSION = 1;
				DEVELOPMENT_TEAM = 63A2M93CTY;
				GENERATE_INFOPLIST_FILE = YES;
				INFOPLIST_FILE = HexColorPicker/Info.plist;
				INFOPLIST_KEY_UIApplicationSupportsIndirectInputEvents = YES;
				INFOPLIST_KEY_UILaunchStoryboardName = LaunchScreen;
				INFOPLIST_KEY_UIMainStoryboardFile = Main;
				INFOPLIST_KEY_UISupportedInterfaceOrientations_iPad = "UIInterfaceOrientationPortrait UIInterfaceOrientationPortraitUpsideDown UIInterfaceOrientationLandscapeLeft UIInterfaceOrientationLandscapeRight";
				INFOPLIST_KEY_UISupportedInterfaceOrientations_iPhone = "UIInterfaceOrientationPortrait UIInterfaceOrientationLandscapeLeft UIInterfaceOrientationLandscapeRight";
				LD_RUNPATH_SEARCH_PATHS = (
					"$(inherited)",
					"@executable_path/Frameworks",
				);
				MARKETING_VERSION = 1.0;
				PRODUCT_BUNDLE_IDENTIFIER = dev.sashimi0.HexColorPicker;
				PRODUCT_NAME = "$(TARGET_NAME)";
				SWIFT_EMIT_LOC_STRINGS = YES;
				SWIFT_VERSION = 5.0;
				TARGETED_DEVICE_FAMILY = "1,2";
			};
			name = Release;
		};
		443DA6B72E146BB100CFD8E7 /* Debug */ = {
			isa = XCBuildConfiguration;
			buildSettings = {
				ALWAYS_SEARCH_USER_PATHS = NO;
				ASSETCATALOG_COMPILER_GENERATE_SWIFT_ASSET_SYMBOL_EXTENSIONS = YES;
				CLANG_ANALYZER_NONNULL = YES;
				CLANG_ANALYZER_NUMBER_OBJECT_CONVERSION = YES_AGGRESSIVE;
				CLANG_CXX_LANGUAGE_STANDARD = "gnu++20";
				CLANG_ENABLE_MODULES = YES;
				CLANG_ENABLE_OBJC_ARC = YES;
				CLANG_ENABLE_OBJC_WEAK = YES;
				CLANG_WARN_BLOCK_CAPTURE_AUTORELEASING = YES;
				CLANG_WARN_BOOL_CONVERSION = YES;
				CLANG_WARN_COMMA = YES;
				CLANG_WARN_CONSTANT_CONVERSION = YES;
				CLANG_WARN_DEPRECATED_OBJC_IMPLEMENTATIONS = YES;
				CLANG_WARN_DIRECT_OBJC_ISA_USAGE = YES_ERROR;
				CLANG_WARN_DOCUMENTATION_COMMENTS = YES;
				CLANG_WARN_EMPTY_BODY = YES;
				CLANG_WARN_ENUM_CONVERSION = YES;
				CLANG_WARN_INFINITE_RECURSION = YES;
				CLANG_WARN_INT_CONVERSION = YES;
				CLANG_WARN_NON_LITERAL_NULL_CONVERSION = YES;
				CLANG_WARN_OBJC_IMPLICIT_RETAIN_SELF = YES;
				CLANG_WARN_OBJC_LITERAL_CONVERSION = YES;
				CLANG_WARN_OBJC_ROOT_CLASS = YES_ERROR;
				CLANG_WARN_QUOTED_INCLUDE_IN_FRAMEWORK_HEADER = YES;
				CLANG_WARN_RANGE_LOOP_ANALYSIS = YES;
				CLANG_WARN_STRICT_PROTOTYPES = YES;
				CLANG_WARN_SUSPICIOUS_MOVE = YES;
				CLANG_WARN_UNGUARDED_AVAILABILITY = YES_AGGRESSIVE;
				CLANG_WARN_UNREACHABLE_CODE = YES;
				CLANG_WARN__DUPLICATE_METHOD_MATCH = YES;
				COPY_PHASE_STRIP = NO;
				DEBUG_INFORMATION_FORMAT = dwarf;
				DEVELOPMENT_TEAM = 63A2M93CTY;
				ENABLE_STRICT_OBJC_MSGSEND = YES;
				ENABLE_TESTABILITY = YES;
				ENABLE_USER_SCRIPT_SANDBOXING = YES;
				GCC_C_LANGUAGE_STANDARD = gnu17;
				GCC_DYNAMIC_NO_PIC = NO;
				GCC_NO_COMMON_BLOCKS = YES;
				GCC_OPTIMIZATION_LEVEL = 0;
				GCC_PREPROCESSOR_DEFINITIONS = (
					"DEBUG=1",
					"$(inherited)",
				);
				GCC_WARN_64_TO_32_BIT_CONVERSION = YES;
				GCC_WARN_ABOUT_RETURN_TYPE = YES_ERROR;
				GCC_WARN_UNDECLARED_SELECTOR = YES;
				GCC_WARN_UNINITIALIZED_AUTOS = YES_AGGRESSIVE;
				GCC_WARN_UNUSED_FUNCTION = YES;
				GCC_WARN_UNUSED_VARIABLE = YES;
				IPHONEOS_DEPLOYMENT_TARGET = 18.5;
				LOCALIZATION_PREFERS_STRING_CATALOGS = YES;
				MTL_ENABLE_DEBUG_INFO = INCLUDE_SOURCE;
				MTL_FAST_MATH = YES;
				ONLY_ACTIVE_ARCH = YES;
				SDKROOT = iphoneos;
				SWIFT_ACTIVE_COMPILATION_CONDITIONS = "DEBUG $(inherited)";
				SWIFT_OPTIMIZATION_LEVEL = "-Onone";
			};
			name = Debug;
		};
		443DA6B82E146BB100CFD8E7 /* Release */ = {
			isa = XCBuildConfiguration;
			buildSettings = {
				ALWAYS_SEARCH_USER_PATHS = NO;
				ASSETCATALOG_COMPILER_GENERATE_SWIFT_ASSET_SYMBOL_EXTENSIONS = YES;
				CLANG_ANALYZER_NONNULL = YES;
				CLANG_ANALYZER_NUMBER_OBJECT_CONVERSION = YES_AGGRESSIVE;
				CLANG_CXX_LANGUAGE_STANDARD = "gnu++20";
				CLANG_ENABLE_MODULES = YES;
				CLANG_ENABLE_OBJC_ARC = YES;
				CLANG_ENABLE_OBJC_WEAK = YES;
				CLANG_WARN_BLOCK_CAPTURE_AUTORELEASING = YES;
				CLANG_WARN_BOOL_CONVERSION = YES;
				CLANG_WARN_COMMA = YES;
				CLANG_WARN_CONSTANT_CONVERSION = YES;
				CLANG_WARN_DEPRECATED_OBJC_IMPLEMENTATIONS = YES;
				CLANG_WARN_DIRECT_OBJC_ISA_USAGE = YES_ERROR;
				CLANG_WARN_DOCUMENTATION_COMMENTS = YES;
				CLANG_WARN_EMPTY_BODY = YES;
				CLANG_WARN_ENUM_CONVERSION = YES;
				CLANG_WARN_INFINITE_RECURSION = YES;
				CLANG_WARN_INT_CONVERSION = YES;
				CLANG_WARN_NON_LITERAL_NULL_CONVERSION = YES;
				CLANG_WARN_OBJC_IMPLICIT_RETAIN_SELF = YES;
				CLANG_WARN_OBJC_LITERAL_CONVERSION = YES;
				CLANG_WARN_OBJC_ROOT_CLASS = YES_ERROR;
				CLANG_WARN_QUOTED_INCLUDE_IN_FRAMEWORK_HEADER = YES;
				CLANG_WARN_RANGE_LOOP_ANALYSIS = YES;
				CLANG_WARN_STRICT_PROTOTYPES = YES;
				CLANG_WARN_SUSPICIOUS_MOVE = YES;
				CLANG_WARN_UNGUARDED_AVAILABILITY = YES_AGGRESSIVE;
				CLANG_WARN_UNREACHABLE_CODE = YES;
				CLANG_WARN__DUPLICATE_METHOD_MATCH = YES;
				COPY_PHASE_STRIP = NO;
				DEBUG_INFORMATION_FORMAT = "dwarf-with-dsym";
				DEVELOPMENT_TEAM = 63A2M93CTY;
				ENABLE_NS_ASSERTIONS = NO;
				ENABLE_STRICT_OBJC_MSGSEND = YES;
				ENABLE_USER_SCRIPT_SANDBOXING = YES;
				GCC_C_LANGUAGE_STANDARD = gnu17;
				GCC_NO_COMMON_BLOCKS = YES;
				GCC_WARN_64_TO_32_BIT_CONVERSION = YES;
				GCC_WARN_ABOUT_RETURN_TYPE = YES_ERROR;
				GCC_WARN_UNDECLARED_SELECTOR = YES;
				GCC_WARN_UNINITIALIZED_AUTOS = YES_AGGRESSIVE;
				GCC_WARN_UNUSED_FUNCTION = YES;
				GCC_WARN_UNUSED_VARIABLE = YES;
				IPHONEOS_DEPLOYMENT_TARGET = 18.5;
				LOCALIZATION_PREFERS_STRING_CATALOGS = YES;
				MTL_ENABLE_DEBUG_INFO = NO;
				MTL_FAST_MATH = YES;
				SDKROOT = iphoneos;
				SWIFT_COMPILATION_MODE = wholemodule;
				VALIDATE_PRODUCT = YES;
			};
			name = Release;
		};
		443DA6BA2E146BB100CFD8E7 /* Debug */ = {
			isa = XCBuildConfiguration;
			buildSettings = {
				BUNDLE_LOADER = "$(TEST_HOST)";
				CODE_SIGN_STYLE = Automatic;
				CURRENT_PROJECT_VERSION = 1;
				DEVELOPMENT_TEAM = 63A2M93CTY;
				GENERATE_INFOPLIST_FILE = YES;
				IPHONEOS_DEPLOYMENT_TARGET = 18.5;
				MARKETING_VERSION = 1.0;
				PRODUCT_BUNDLE_IDENTIFIER = dev.sashimi0.HexColorPickerTests;
				PRODUCT_NAME = "$(TARGET_NAME)";
				SWIFT_EMIT_LOC_STRINGS = NO;
				SWIFT_VERSION = 5.0;
				TARGETED_DEVICE_FAMILY = "1,2";
				TEST_HOST = "$(BUILT_PRODUCTS_DIR)/HexColorPicker.app/$(BUNDLE_EXECUTABLE_FOLDER_PATH)/HexColorPicker";
			};
			name = Debug;
		};
		443DA6BB2E146BB100CFD8E7 /* Release */ = {
			isa = XCBuildConfiguration;
			buildSettings = {
				BUNDLE_LOADER = "$(TEST_HOST)";
				CODE_SIGN_STYLE = Automatic;
				CURRENT_PROJECT_VERSION = 1;
				DEVELOPMENT_TEAM = 63A2M93CTY;
				GENERATE_INFOPLIST_FILE = YES;
				IPHONEOS_DEPLOYMENT_TARGET = 18.5;
				MARKETING_VERSION = 1.0;
				PRODUCT_BUNDLE_IDENTIFIER = dev.sashimi0.HexColorPickerTests;
				PRODUCT_NAME = "$(TARGET_NAME)";
				SWIFT_EMIT_LOC_STRINGS = NO;
				SWIFT_VERSION = 5.0;
				TARGETED_DEVICE_FAMILY = "1,2";
				TEST_HOST = "$(BUILT_PRODUCTS_DIR)/HexColorPicker.app/$(BUNDLE_EXECUTABLE_FOLDER_PATH)/HexColorPicker";
			};
			name = Release;
		};
		443DA6BD2E146BB100CFD8E7 /* Debug */ = {
			isa = XCBuildConfiguration;
			buildSettings = {
				CODE_SIGN_STYLE = Automatic;
				CURRENT_PROJECT_VERSION = 1;
				DEVELOPMENT_TEAM = 63A2M93CTY;
				GENERATE_INFOPLIST_FILE = YES;
				MARKETING_VERSION = 1.0;
				PRODUCT_BUNDLE_IDENTIFIER = dev.sashimi0.HexColorPickerUITests;
				PRODUCT_NAME = "$(TARGET_NAME)";
				SWIFT_EMIT_LOC_STRINGS = NO;
				SWIFT_VERSION = 5.0;
				TARGETED_DEVICE_FAMILY = "1,2";
				TEST_TARGET_NAME = HexColorPicker;
			};
			name = Debug;
		};
		443DA6BE2E146BB100CFD8E7 /* Release */ = {
			isa = XCBuildConfiguration;
			buildSettings = {
				CODE_SIGN_STYLE = Automatic;
				CURRENT_PROJECT_VERSION = 1;
				DEVELOPMENT_TEAM = 63A2M93CTY;
				GENERATE_INFOPLIST_FILE = YES;
				MARKETING_VERSION = 1.0;
				PRODUCT_BUNDLE_IDENTIFIER = dev.sashimi0.HexColorPickerUITests;
				PRODUCT_NAME = "$(TARGET_NAME)";
				SWIFT_EMIT_LOC_STRINGS = NO;
				SWIFT_VERSION = 5.0;
				TARGETED_DEVICE_FAMILY = "1,2";
				TEST_TARGET_NAME = HexColorPicker;
			};
			name = Release;
		};
/* End XCBuildConfiguration section */

/* Begin XCConfigurationList section */
		443DA6862E146BAF00CFD8E7 /* Build configuration list for PBXProject "HexColorPicker" */ = {
			isa = XCConfigurationList;
			buildConfigurations = (
				443DA6B72E146BB100CFD8E7 /* Debug */,
				443DA6B82E146BB100CFD8E7 /* Release */,
			);
			defaultConfigurationIsVisible = 0;
			defaultConfigurationName = Release;
		};
		443DA6B42E146BB100CFD8E7 /* Build configuration list for PBXNativeTarget "HexColorPicker" */ = {
			isa = XCConfigurationList;
			buildConfigurations = (
				443DA6B52E146BB100CFD8E7 /* Debug */,
				443DA6B62E146BB100CFD8E7 /* Release */,
			);
			defaultConfigurationIsVisible = 0;
			defaultConfigurationName = Release;
		};
		443DA6B92E146BB100CFD8E7 /* Build configuration list for PBXNativeTarget "HexColorPickerTests" */ = {
			isa = XCConfigurationList;
			buildConfigurations = (
				443DA6BA2E146BB100CFD8E7 /* Debug */,
				443DA6BB2E146BB100CFD8E7 /* Release */,
			);
			defaultConfigurationIsVisible = 0;
			defaultConfigurationName = Release;
		};
		443DA6BC2E146BB100CFD8E7 /* Build configuration list for PBXNativeTarget "HexColorPickerUITests" */ = {
			isa = XCConfigurationList;
			buildConfigurations = (
				443DA6BD2E146BB100CFD8E7 /* Debug */,
				443DA6BE2E146BB100CFD8E7 /* Release */,
			);
			defaultConfigurationIsVisible = 0;
			defaultConfigurationName = Release;
		};
/* End XCConfigurationList section */
	};
	rootObject = 443DA6832E146BAF00CFD8E7 /* Project object */;
}
